
Microsoft Visual Studio Solution File, Format Version 12.00
# Visual Studio Version 17
VisualStudioVersion = 17.12.35527.113
MinimumVisualStudioVersion = 10.0.40219.1
Project("{FAE04EC0-301F-11D3-BF4B-00C04F79EFBC}") = "GenericArray", "GenericArray\GenericArray.csproj", "{E6CFBB3D-C3F1-49FC-BAC3-B0335573932D}"
EndProject
Project("{FAE04EC0-301F-11D3-BF4B-00C04F79EFBC}") = "MaxMinArray", "MaxMinArray\MaxMinArray.csproj", "{15EDB8B9-778B-4487-8FCE-3E77FF64AD1D}"
EndProject
Project("{FAE04EC0-301F-11D3-BF4B-00C04F79EFBC}") = "Generic_Array", "Generic_Array\Generic_Array.csproj", "{6F2D445F-4C02-444E-A6C2-A72DC03FF33F}"
EndProject
Project("{FAE04EC0-301F-11D3-BF4B-00C04F79EFBC}") = "Collections", "Dictionary\Collections.csproj", "{66E03770-013D-4D6A-81F5-CCBB837EF184}"
EndProject
Project("{FAE04EC0-301F-11D3-BF4B-00C04F79EFBC}") = "LamdaExpression", "LamdaExpression\LamdaExpression.csproj", "{C1FE9014-5B18-4DB0-BB1B-37DB9B7114A0}"
EndProject
Project("{FAE04EC0-301F-11D3-BF4B-00C04F79EFBC}") = "LinkedList", "LinkedList\LinkedList.csproj", "{6BEC8C11-C8F6-4DAE-8AFD-19785C898FED}"
EndProject
Project("{FAE04EC0-301F-11D3-BF4B-00C04F79EFBC}") = "StackProblem", "StackProblem\StackProblem.csproj", "{D915898A-794B-43D7-B3A5-74438EBCBBC9}"
EndProject
Project("{FAE04EC0-301F-11D3-BF4B-00C04F79EFBC}") = "LinqProblems", "LinqProblems\LinqProblems.csproj", "{D726C940-EB05-49EB-B372-BF87151BC8BC}"
EndProject
Project("{FAE04EC0-301F-11D3-BF4B-00C04F79EFBC}") = "Session_Problem1", "Session_Problem1\Session_Problem1.csproj", "{D2DCA0F9-E474-419C-BB83-4BC7BB6A2D1C}"
EndProject
Project("{FAE04EC0-301F-11D3-BF4B-00C04F79EFBC}") = "SessionProblem2", "SessionProblem2\SessionProblem2.csproj", "{11F2DD54-0635-4E39-A035-E9990CB69959}"
EndProject
Project("{FAE04EC0-301F-11D3-BF4B-00C04F79EFBC}") = "SessionProblem3", "SessionProblem3\SessionProblem3.csproj", "{DCFA5FFB-12BD-4350-9F5E-FDA14C2C5390}"
EndProject
Project("{FAE04EC0-301F-11D3-BF4B-00C04F79EFBC}") = "LinqPracticeProblem", "LinqPracticeProblem\LinqPracticeProblem.csproj", "{4A768935-3C46-459D-90C1-C13C277A31FD}"
EndProject
Project("{FAE04EC0-301F-11D3-BF4B-00C04F79EFBC}") = "ExceptionHandling", "ExceptionHandling\ExceptionHandling.csproj", "{F2173A49-37CA-4F2E-BFCD-AAEE735C8CEF}"
EndProject
Project("{FAE04EC0-301F-11D3-BF4B-00C04F79EFBC}") = "FileHandling", "FilleHandling\FileHandling.csproj", "{960BB64E-0CF5-4665-A0ED-A9C7A60D3D74}"
EndProject
Project("{FAE04EC0-301F-11D3-BF4B-00C04F79EFBC}") = "FileIO_", "FileIO_\FileIO_.csproj", "{94326E54-5BC7-4E4D-AC2B-135892FC9E40}"
EndProject
Project("{FAE04EC0-301F-11D3-BF4B-00C04F79EFBC}") = "FileIOJson", "FileOPJson\FileIOJson.csproj", "{8A223DD5-4541-4B5E-BF2F-C9BE7FC04E4F}"
EndProject
Project("{FAE04EC0-301F-11D3-BF4B-00C04F79EFBC}") = "DataAnnotation", "DataAnnotation\DataAnnotation.csproj", "{C0055D5B-E92D-418A-A3DC-3B2CCD07BB1B}"
EndProject
Project("{FAE04EC0-301F-11D3-BF4B-00C04F79EFBC}") = "Data_Annotation", "Data_Annotation\Data_Annotation.csproj", "{E927C75B-C057-47F2-BC30-C043A1AF5073}"
EndProject
Project("{FAE04EC0-301F-11D3-BF4B-00C04F79EFBC}") = "RegularExpression", "RegularExpression\RegularExpression.csproj", "{C36F7DA8-BE50-4406-B060-BE9A9AE6D6FD}"
EndProject
Project("{FAE04EC0-301F-11D3-BF4B-00C04F79EFBC}") = "ReviewProblem", "ReviewProblem\ReviewProblem.csproj", "{B0197B0F-E201-4096-9188-CEA95629DF7E}"
EndProject
Global
	GlobalSection(SolutionConfigurationPlatforms) = preSolution
		Debug|Any CPU = Debug|Any CPU
		Release|Any CPU = Release|Any CPU
	EndGlobalSection
	GlobalSection(ProjectConfigurationPlatforms) = postSolution
		{E6CFBB3D-C3F1-49FC-BAC3-B0335573932D}.Debug|Any CPU.ActiveCfg = Debug|Any CPU
		{E6CFBB3D-C3F1-49FC-BAC3-B0335573932D}.Debug|Any CPU.Build.0 = Debug|Any CPU
		{E6CFBB3D-C3F1-49FC-BAC3-B0335573932D}.Release|Any CPU.ActiveCfg = Release|Any CPU
		{E6CFBB3D-C3F1-49FC-BAC3-B0335573932D}.Release|Any CPU.Build.0 = Release|Any CPU
		{15EDB8B9-778B-4487-8FCE-3E77FF64AD1D}.Debug|Any CPU.ActiveCfg = Debug|Any CPU
		{15EDB8B9-778B-4487-8FCE-3E77FF64AD1D}.Debug|Any CPU.Build.0 = Debug|Any CPU
		{15EDB8B9-778B-4487-8FCE-3E77FF64AD1D}.Release|Any CPU.ActiveCfg = Release|Any CPU
		{15EDB8B9-778B-4487-8FCE-3E77FF64AD1D}.Release|Any CPU.Build.0 = Release|Any CPU
		{6F2D445F-4C02-444E-A6C2-A72DC03FF33F}.Debug|Any CPU.ActiveCfg = Debug|Any CPU
		{6F2D445F-4C02-444E-A6C2-A72DC03FF33F}.Debug|Any CPU.Build.0 = Debug|Any CPU
		{6F2D445F-4C02-444E-A6C2-A72DC03FF33F}.Release|Any CPU.ActiveCfg = Release|Any CPU
		{6F2D445F-4C02-444E-A6C2-A72DC03FF33F}.Release|Any CPU.Build.0 = Release|Any CPU
		{66E03770-013D-4D6A-81F5-CCBB837EF184}.Debug|Any CPU.ActiveCfg = Debug|Any CPU
		{66E03770-013D-4D6A-81F5-CCBB837EF184}.Debug|Any CPU.Build.0 = Debug|Any CPU
		{66E03770-013D-4D6A-81F5-CCBB837EF184}.Release|Any CPU.ActiveCfg = Release|Any CPU
		{66E03770-013D-4D6A-81F5-CCBB837EF184}.Release|Any CPU.Build.0 = Release|Any CPU
		{C1FE9014-5B18-4DB0-BB1B-37DB9B7114A0}.Debug|Any CPU.ActiveCfg = Debug|Any CPU
		{C1FE9014-5B18-4DB0-BB1B-37DB9B7114A0}.Debug|Any CPU.Build.0 = Debug|Any CPU
		{C1FE9014-5B18-4DB0-BB1B-37DB9B7114A0}.Release|Any CPU.ActiveCfg = Release|Any CPU
		{C1FE9014-5B18-4DB0-BB1B-37DB9B7114A0}.Release|Any CPU.Build.0 = Release|Any CPU
		{6BEC8C11-C8F6-4DAE-8AFD-19785C898FED}.Debug|Any CPU.ActiveCfg = Debug|Any CPU
		{6BEC8C11-C8F6-4DAE-8AFD-19785C898FED}.Debug|Any CPU.Build.0 = Debug|Any CPU
		{6BEC8C11-C8F6-4DAE-8AFD-19785C898FED}.Release|Any CPU.ActiveCfg = Release|Any CPU
		{6BEC8C11-C8F6-4DAE-8AFD-19785C898FED}.Release|Any CPU.Build.0 = Release|Any CPU
		{D915898A-794B-43D7-B3A5-74438EBCBBC9}.Debug|Any CPU.ActiveCfg = Debug|Any CPU
		{D915898A-794B-43D7-B3A5-74438EBCBBC9}.Debug|Any CPU.Build.0 = Debug|Any CPU
		{D915898A-794B-43D7-B3A5-74438EBCBBC9}.Release|Any CPU.ActiveCfg = Release|Any CPU
		{D915898A-794B-43D7-B3A5-74438EBCBBC9}.Release|Any CPU.Build.0 = Release|Any CPU
		{D726C940-EB05-49EB-B372-BF87151BC8BC}.Debug|Any CPU.ActiveCfg = Debug|Any CPU
		{D726C940-EB05-49EB-B372-BF87151BC8BC}.Debug|Any CPU.Build.0 = Debug|Any CPU
		{D726C940-EB05-49EB-B372-BF87151BC8BC}.Release|Any CPU.ActiveCfg = Release|Any CPU
		{D726C940-EB05-49EB-B372-BF87151BC8BC}.Release|Any CPU.Build.0 = Release|Any CPU
		{D2DCA0F9-E474-419C-BB83-4BC7BB6A2D1C}.Debug|Any CPU.ActiveCfg = Debug|Any CPU
		{D2DCA0F9-E474-419C-BB83-4BC7BB6A2D1C}.Debug|Any CPU.Build.0 = Debug|Any CPU
		{D2DCA0F9-E474-419C-BB83-4BC7BB6A2D1C}.Release|Any CPU.ActiveCfg = Release|Any CPU
		{D2DCA0F9-E474-419C-BB83-4BC7BB6A2D1C}.Release|Any CPU.Build.0 = Release|Any CPU
		{11F2DD54-0635-4E39-A035-E9990CB69959}.Debug|Any CPU.ActiveCfg = Debug|Any CPU
		{11F2DD54-0635-4E39-A035-E9990CB69959}.Debug|Any CPU.Build.0 = Debug|Any CPU
		{11F2DD54-0635-4E39-A035-E9990CB69959}.Release|Any CPU.ActiveCfg = Release|Any CPU
		{11F2DD54-0635-4E39-A035-E9990CB69959}.Release|Any CPU.Build.0 = Release|Any CPU
		{DCFA5FFB-12BD-4350-9F5E-FDA14C2C5390}.Debug|Any CPU.ActiveCfg = Debug|Any CPU
		{DCFA5FFB-12BD-4350-9F5E-FDA14C2C5390}.Debug|Any CPU.Build.0 = Debug|Any CPU
		{DCFA5FFB-12BD-4350-9F5E-FDA14C2C5390}.Release|Any CPU.ActiveCfg = Release|Any CPU
		{DCFA5FFB-12BD-4350-9F5E-FDA14C2C5390}.Release|Any CPU.Build.0 = Release|Any CPU
		{4A768935-3C46-459D-90C1-C13C277A31FD}.Debug|Any CPU.ActiveCfg = Debug|Any CPU
		{4A768935-3C46-459D-90C1-C13C277A31FD}.Debug|Any CPU.Build.0 = Debug|Any CPU
		{4A768935-3C46-459D-90C1-C13C277A31FD}.Release|Any CPU.ActiveCfg = Release|Any CPU
		{4A768935-3C46-459D-90C1-C13C277A31FD}.Release|Any CPU.Build.0 = Release|Any CPU
		{F2173A49-37CA-4F2E-BFCD-AAEE735C8CEF}.Debug|Any CPU.ActiveCfg = Debug|Any CPU
		{F2173A49-37CA-4F2E-BFCD-AAEE735C8CEF}.Debug|Any CPU.Build.0 = Debug|Any CPU
		{F2173A49-37CA-4F2E-BFCD-AAEE735C8CEF}.Release|Any CPU.ActiveCfg = Release|Any CPU
		{F2173A49-37CA-4F2E-BFCD-AAEE735C8CEF}.Release|Any CPU.Build.0 = Release|Any CPU
		{960BB64E-0CF5-4665-A0ED-A9C7A60D3D74}.Debug|Any CPU.ActiveCfg = Debug|Any CPU
		{960BB64E-0CF5-4665-A0ED-A9C7A60D3D74}.Debug|Any CPU.Build.0 = Debug|Any CPU
		{960BB64E-0CF5-4665-A0ED-A9C7A60D3D74}.Release|Any CPU.ActiveCfg = Release|Any CPU
		{960BB64E-0CF5-4665-A0ED-A9C7A60D3D74}.Release|Any CPU.Build.0 = Release|Any CPU
		{94326E54-5BC7-4E4D-AC2B-135892FC9E40}.Debug|Any CPU.ActiveCfg = Debug|Any CPU
		{94326E54-5BC7-4E4D-AC2B-135892FC9E40}.Debug|Any CPU.Build.0 = Debug|Any CPU
		{94326E54-5BC7-4E4D-AC2B-135892FC9E40}.Release|Any CPU.ActiveCfg = Release|Any CPU
		{94326E54-5BC7-4E4D-AC2B-135892FC9E40}.Release|Any CPU.Build.0 = Release|Any CPU
		{8A223DD5-4541-4B5E-BF2F-C9BE7FC04E4F}.Debug|Any CPU.ActiveCfg = Debug|Any CPU
		{8A223DD5-4541-4B5E-BF2F-C9BE7FC04E4F}.Debug|Any CPU.Build.0 = Debug|Any CPU
		{8A223DD5-4541-4B5E-BF2F-C9BE7FC04E4F}.Release|Any CPU.ActiveCfg = Release|Any CPU
		{8A223DD5-4541-4B5E-BF2F-C9BE7FC04E4F}.Release|Any CPU.Build.0 = Release|Any CPU
		{C0055D5B-E92D-418A-A3DC-3B2CCD07BB1B}.Debug|Any CPU.ActiveCfg = Debug|Any CPU
		{C0055D5B-E92D-418A-A3DC-3B2CCD07BB1B}.Debug|Any CPU.Build.0 = Debug|Any CPU
		{C0055D5B-E92D-418A-A3DC-3B2CCD07BB1B}.Release|Any CPU.ActiveCfg = Release|Any CPU
		{C0055D5B-E92D-418A-A3DC-3B2CCD07BB1B}.Release|Any CPU.Build.0 = Release|Any CPU
		{E927C75B-C057-47F2-BC30-C043A1AF5073}.Debug|Any CPU.ActiveCfg = Debug|Any CPU
		{E927C75B-C057-47F2-BC30-C043A1AF5073}.Debug|Any CPU.Build.0 = Debug|Any CPU
		{E927C75B-C057-47F2-BC30-C043A1AF5073}.Release|Any CPU.ActiveCfg = Release|Any CPU
		{E927C75B-C057-47F2-BC30-C043A1AF5073}.Release|Any CPU.Build.0 = Release|Any CPU
		{C36F7DA8-BE50-4406-B060-BE9A9AE6D6FD}.Debug|Any CPU.ActiveCfg = Debug|Any CPU
		{C36F7DA8-BE50-4406-B060-BE9A9AE6D6FD}.Debug|Any CPU.Build.0 = Debug|Any CPU
		{C36F7DA8-BE50-4406-B060-BE9A9AE6D6FD}.Release|Any CPU.ActiveCfg = Release|Any CPU
		{C36F7DA8-BE50-4406-B060-BE9A9AE6D6FD}.Release|Any CPU.Build.0 = Release|Any CPU
		{B0197B0F-E201-4096-9188-CEA95629DF7E}.Debug|Any CPU.ActiveCfg = Debug|Any CPU
		{B0197B0F-E201-4096-9188-CEA95629DF7E}.Debug|Any CPU.Build.0 = Debug|Any CPU
		{B0197B0F-E201-4096-9188-CEA95629DF7E}.Release|Any CPU.ActiveCfg = Release|Any CPU
		{B0197B0F-E201-4096-9188-CEA95629DF7E}.Release|Any CPU.Build.0 = Release|Any CPU
	EndGlobalSection
	GlobalSection(SolutionProperties) = preSolution
		HideSolutionNode = FALSE
	EndGlobalSection
	GlobalSection(ExtensibilityGlobals) = postSolution
		SolutionGuid = {ED6F4A60-248E-4A5E-8CA8-F2C3CC06F555}
	EndGlobalSection
EndGlobal
